
Microsoft Visual Studio Solution File, Format Version 12.00
# Visual Studio Version 17
VisualStudioVersion = 17.9.34728.123
MinimumVisualStudioVersion = 10.0.40219.1
Project("{FAE04EC0-301F-11D3-BF4B-00C04F79EFBC}") = "ClothesManager", "ClothesManager\ClothesManager.csproj", "{4CC7B6A9-C52E-44AF-AD09-675E1B666767}"
EndProject
Global
	GlobalSection(SolutionConfigurationPlatforms) = preSolution
		Debug|Any CPU = Debug|Any CPU
		Release|Any CPU = Release|Any CPU
	EndGlobalSection
	GlobalSection(ProjectConfigurationPlatforms) = postSolution
		{4CC7B6A9-C52E-44AF-AD09-675E1B666767}.Debug|Any CPU.ActiveCfg = Debug|Any CPU
		{4CC7B6A9-C52E-44AF-AD09-675E1B666767}.Debug|Any CPU.Build.0 = Debug|Any CPU
		{4CC7B6A9-C52E-44AF-AD09-675E1B666767}.Release|Any CPU.ActiveCfg = Release|Any CPU
		{4CC7B6A9-C52E-44AF-AD09-675E1B666767}.Release|Any CPU.Build.0 = Release|Any CPU
	EndGlobalSection
	GlobalSection(SolutionProperties) = preSolution
		HideSolutionNode = FALSE
	EndGlobalSection
	GlobalSection(ExtensibilityGlobals) = postSolution
		SolutionGuid = {B0CFDD6C-AF85-4517-9CB4-BB54EF39D6C8}
	EndGlobalSection
EndGlobal
